
Microsoft Visual Studio Solution File, Format Version 12.00
# Visual Studio Version 17
VisualStudioVersion = 17.0.31903.59
MinimumVisualStudioVersion = 10.0.40219.1
Project("{FAE04EC0-301F-11D3-BF4B-00C04F79EFBC}") = "denem_1", "denem_1\denem_1.csproj", "{8E082C3C-93FC-4081-B324-248EDAA22160}"
EndProject
Project("{FAE04EC0-301F-11D3-BF4B-00C04F79EFBC}") = "hop2", "hop2\hop2.csproj", "{0A1F8217-2A4A-4B36-8B90-A9F10FCDFCEC}"
EndProject
Project("{FAE04EC0-301F-11D3-BF4B-00C04F79EFBC}") = "array_list", "array_list\array_list.csproj", "{79F74193-B7B4-47C5-9041-F529ADD989A1}"
EndProject
Project("{FAE04EC0-301F-11D3-BF4B-00C04F79EFBC}") = "hash_table", "hash_table\hash_table.csproj", "{F7908431-8DB3-49E7-BFBB-D9F6F1DA3705}"
EndProject
Project("{FAE04EC0-301F-11D3-BF4B-00C04F79EFBC}") = "hash_table2", "hash_table2\hash_table2.csproj", "{8E17436D-8D7E-4C0E-B77C-E68582FD5A6B}"
EndProject
Project("{FAE04EC0-301F-11D3-BF4B-00C04F79EFBC}") = "forTry", "forTry\forTry.csproj", "{CE9FFDAE-598E-4203-B25B-44C1998C29B5}"
EndProject
Project("{FAE04EC0-301F-11D3-BF4B-00C04F79EFBC}") = "hash_table4", "hash_table4\hash_table4.csproj", "{02318781-F8D1-4660-9FED-B05C92F11D3D}"
EndProject
Project("{FAE04EC0-301F-11D3-BF4B-00C04F79EFBC}") = "Lab3", "Lab3\Lab3.csproj", "{46137A49-ECCF-44F1-98F6-9B44006B3FA9}"
EndProject
Global
	GlobalSection(SolutionConfigurationPlatforms) = preSolution
		Debug|Any CPU = Debug|Any CPU
		Release|Any CPU = Release|Any CPU
	EndGlobalSection
	GlobalSection(SolutionProperties) = preSolution
		HideSolutionNode = FALSE
	EndGlobalSection
	GlobalSection(ProjectConfigurationPlatforms) = postSolution
		{8E082C3C-93FC-4081-B324-248EDAA22160}.Debug|Any CPU.ActiveCfg = Debug|Any CPU
		{8E082C3C-93FC-4081-B324-248EDAA22160}.Debug|Any CPU.Build.0 = Debug|Any CPU
		{8E082C3C-93FC-4081-B324-248EDAA22160}.Release|Any CPU.ActiveCfg = Release|Any CPU
		{8E082C3C-93FC-4081-B324-248EDAA22160}.Release|Any CPU.Build.0 = Release|Any CPU
		{0A1F8217-2A4A-4B36-8B90-A9F10FCDFCEC}.Debug|Any CPU.ActiveCfg = Debug|Any CPU
		{0A1F8217-2A4A-4B36-8B90-A9F10FCDFCEC}.Debug|Any CPU.Build.0 = Debug|Any CPU
		{0A1F8217-2A4A-4B36-8B90-A9F10FCDFCEC}.Release|Any CPU.ActiveCfg = Release|Any CPU
		{0A1F8217-2A4A-4B36-8B90-A9F10FCDFCEC}.Release|Any CPU.Build.0 = Release|Any CPU
		{79F74193-B7B4-47C5-9041-F529ADD989A1}.Debug|Any CPU.ActiveCfg = Debug|Any CPU
		{79F74193-B7B4-47C5-9041-F529ADD989A1}.Debug|Any CPU.Build.0 = Debug|Any CPU
		{79F74193-B7B4-47C5-9041-F529ADD989A1}.Release|Any CPU.ActiveCfg = Release|Any CPU
		{79F74193-B7B4-47C5-9041-F529ADD989A1}.Release|Any CPU.Build.0 = Release|Any CPU
		{F7908431-8DB3-49E7-BFBB-D9F6F1DA3705}.Debug|Any CPU.ActiveCfg = Debug|Any CPU
		{F7908431-8DB3-49E7-BFBB-D9F6F1DA3705}.Debug|Any CPU.Build.0 = Debug|Any CPU
		{F7908431-8DB3-49E7-BFBB-D9F6F1DA3705}.Release|Any CPU.ActiveCfg = Release|Any CPU
		{F7908431-8DB3-49E7-BFBB-D9F6F1DA3705}.Release|Any CPU.Build.0 = Release|Any CPU
		{8E17436D-8D7E-4C0E-B77C-E68582FD5A6B}.Debug|Any CPU.ActiveCfg = Debug|Any CPU
		{8E17436D-8D7E-4C0E-B77C-E68582FD5A6B}.Debug|Any CPU.Build.0 = Debug|Any CPU
		{8E17436D-8D7E-4C0E-B77C-E68582FD5A6B}.Release|Any CPU.ActiveCfg = Release|Any CPU
		{8E17436D-8D7E-4C0E-B77C-E68582FD5A6B}.Release|Any CPU.Build.0 = Release|Any CPU
		{CE9FFDAE-598E-4203-B25B-44C1998C29B5}.Debug|Any CPU.ActiveCfg = Debug|Any CPU
		{CE9FFDAE-598E-4203-B25B-44C1998C29B5}.Debug|Any CPU.Build.0 = Debug|Any CPU
		{CE9FFDAE-598E-4203-B25B-44C1998C29B5}.Release|Any CPU.ActiveCfg = Release|Any CPU
		{CE9FFDAE-598E-4203-B25B-44C1998C29B5}.Release|Any CPU.Build.0 = Release|Any CPU
		{02318781-F8D1-4660-9FED-B05C92F11D3D}.Debug|Any CPU.ActiveCfg = Debug|Any CPU
		{02318781-F8D1-4660-9FED-B05C92F11D3D}.Debug|Any CPU.Build.0 = Debug|Any CPU
		{02318781-F8D1-4660-9FED-B05C92F11D3D}.Release|Any CPU.ActiveCfg = Release|Any CPU
		{02318781-F8D1-4660-9FED-B05C92F11D3D}.Release|Any CPU.Build.0 = Release|Any CPU
		{46137A49-ECCF-44F1-98F6-9B44006B3FA9}.Debug|Any CPU.ActiveCfg = Debug|Any CPU
		{46137A49-ECCF-44F1-98F6-9B44006B3FA9}.Debug|Any CPU.Build.0 = Debug|Any CPU
		{46137A49-ECCF-44F1-98F6-9B44006B3FA9}.Release|Any CPU.ActiveCfg = Release|Any CPU
		{46137A49-ECCF-44F1-98F6-9B44006B3FA9}.Release|Any CPU.Build.0 = Release|Any CPU
	EndGlobalSection
EndGlobal
