
Microsoft Visual Studio Solution File, Format Version 12.00
# Visual Studio Version 17
VisualStudioVersion = 17.0.31903.59
MinimumVisualStudioVersion = 10.0.40219.1
Project("{FAE04EC0-301F-11D3-BF4B-00C04F79EFBC}") = "denem_1", "denem_1\denem_1.csproj", "{8E082C3C-93FC-4081-B324-248EDAA22160}"
EndProject
Project("{FAE04EC0-301F-11D3-BF4B-00C04F79EFBC}") = "hop2", "hop2\hop2.csproj", "{0A1F8217-2A4A-4B36-8B90-A9F10FCDFCEC}"
EndProject
Project("{FAE04EC0-301F-11D3-BF4B-00C04F79EFBC}") = "array_list", "array_list\array_list.csproj", "{79F74193-B7B4-47C5-9041-F529ADD989A1}"
EndProject
Global
	GlobalSection(SolutionConfigurationPlatforms) = preSolution
		Debug|Any CPU = Debug|Any CPU
		Release|Any CPU = Release|Any CPU
	EndGlobalSection
	GlobalSection(SolutionProperties) = preSolution
		HideSolutionNode = FALSE
	EndGlobalSection
	GlobalSection(ProjectConfigurationPlatforms) = postSolution
		{8E082C3C-93FC-4081-B324-248EDAA22160}.Debug|Any CPU.ActiveCfg = Debug|Any CPU
		{8E082C3C-93FC-4081-B324-248EDAA22160}.Debug|Any CPU.Build.0 = Debug|Any CPU
		{8E082C3C-93FC-4081-B324-248EDAA22160}.Release|Any CPU.ActiveCfg = Release|Any CPU
		{8E082C3C-93FC-4081-B324-248EDAA22160}.Release|Any CPU.Build.0 = Release|Any CPU
		{0A1F8217-2A4A-4B36-8B90-A9F10FCDFCEC}.Debug|Any CPU.ActiveCfg = Debug|Any CPU
		{0A1F8217-2A4A-4B36-8B90-A9F10FCDFCEC}.Debug|Any CPU.Build.0 = Debug|Any CPU
		{0A1F8217-2A4A-4B36-8B90-A9F10FCDFCEC}.Release|Any CPU.ActiveCfg = Release|Any CPU
		{0A1F8217-2A4A-4B36-8B90-A9F10FCDFCEC}.Release|Any CPU.Build.0 = Release|Any CPU
		{79F74193-B7B4-47C5-9041-F529ADD989A1}.Debug|Any CPU.ActiveCfg = Debug|Any CPU
		{79F74193-B7B4-47C5-9041-F529ADD989A1}.Debug|Any CPU.Build.0 = Debug|Any CPU
		{79F74193-B7B4-47C5-9041-F529ADD989A1}.Release|Any CPU.ActiveCfg = Release|Any CPU
		{79F74193-B7B4-47C5-9041-F529ADD989A1}.Release|Any CPU.Build.0 = Release|Any CPU
	EndGlobalSection
EndGlobal
